# THIS IS AN AUTOGENERATED FILE. DO NOT EDIT THIS FILE DIRECTLY.
# yarn lockfile v1


helmet@^4.6.0:
  version "4.6.0"
  resolved "https://registry.yarnpkg.com/helmet/-/helmet-4.6.0.tgz#579971196ba93c5978eb019e4e8ec0e50076b4df"
  integrity sha512-HVqALKZlR95ROkrnesdhbbZJFi/rIVSoNq6f3jA/9u6MIbTsPh3xZwihjeI5+DO/2sOV6HMHooXcEOuwskHpTg==
